
Microsoft Visual Studio Solution File, Format Version 12.00
# Visual Studio Version 16
VisualStudioVersion = 16.0.32802.440
MinimumVisualStudioVersion = 10.0.40219.1
Project("{FAE04EC0-301F-11D3-BF4B-00C04F79EFBC}") = "WpfApp1", "WpfApp1\WpfApp1.csproj", "{BDD802E7-D28C-438A-A653-DA7F1FC3A06A}"
EndProject
Global
	GlobalSection(SolutionConfigurationPlatforms) = preSolution
		Debug|Any CPU = Debug|Any CPU
		Release|Any CPU = Release|Any CPU
	EndGlobalSection
	GlobalSection(ProjectConfigurationPlatforms) = postSolution
		{BDD802E7-D28C-438A-A653-DA7F1FC3A06A}.Debug|Any CPU.ActiveCfg = Debug|Any CPU
		{BDD802E7-D28C-438A-A653-DA7F1FC3A06A}.Debug|Any CPU.Build.0 = Debug|Any CPU
		{BDD802E7-D28C-438A-A653-DA7F1FC3A06A}.Release|Any CPU.ActiveCfg = Release|Any CPU
		{BDD802E7-D28C-438A-A653-DA7F1FC3A06A}.Release|Any CPU.Build.0 = Release|Any CPU
	EndGlobalSection
	GlobalSection(SolutionProperties) = preSolution
		HideSolutionNode = FALSE
	EndGlobalSection
	GlobalSection(ExtensibilityGlobals) = postSolution
		SolutionGuid = {372114A7-ADF7-4142-BF5E-3FFE256F43F6}
	EndGlobalSection
EndGlobal
